Microsoft Visual Studio Solution File, Format Version 12.00
# Visual Studio Version 17
VisualStudioVersion = 17.0.31903.59
MinimumVisualStudioVersion = 10.0.40219.1
Project("{FAE04EC0-301F-11D3-BF4B-00C04F79EFBC}") = "IkuyoPet.Core", "src\IkuyoPet.Core\IkuyoPet.Core.csproj", "{3CB4F174-33EF-4F2A-9B74-893215AAAF01}"
EndProject
Project("{FAE04EC0-301F-11D3-BF4B-00C04F79EFBC}") = "IkuyoPet.Infrastructure", "src\IkuyoPet.Infrastructure\IkuyoPet.Infrastructure.csproj", "{6C659086-780B-4D11-9512-48802D97A8C2}"
EndProject
Project("{FAE04EC0-301F-11D3-BF4B-00C04F79EFBC}") = "IkuyoPet.Pet", "src\IkuyoPet.Pet\IkuyoPet.Pet.csproj", "{53FC0E8D-13F4-49F8-A184-3409DA790E60}"
EndProject
Project("{FAE04EC0-301F-11D3-BF4B-00C04F79EFBC}") = "IkuyoPet.App", "src\IkuyoPet.App\IkuyoPet.App.csproj", "{4BB3118E-6856-46EF-B3FD-3DF606DC0ADC}"
EndProject
Project("{FAE04EC0-301F-11D3-BF4B-00C04F79EFBC}") = "IkuyoPet.Core.Tests", "tests\IkuyoPet.Core.Tests\IkuyoPet.Core.Tests.csproj", "{0F592717-85F9-4A2F-9F4D-9D66546C317F}"
EndProject
Project("{FAE04EC0-301F-11D3-BF4B-00C04F79EFBC}") = "IkuyoPet.Infrastructure.Tests", "tests\IkuyoPet.Infrastructure.Tests\IkuyoPet.Infrastructure.Tests.csproj", "{52AB95C4-4D20-4410-A397-4FB3242B262E}"
EndProject
Global
    GlobalSection(SolutionConfigurationPlatforms) = preSolution
        Debug|Any CPU = Debug|Any CPU
        Release|Any CPU = Release|Any CPU
    EndGlobalSection
    GlobalSection(ProjectConfigurationPlatforms) = postSolution
        {3CB4F174-33EF-4F2A-9B74-893215AAAF01}.Debug|Any CPU.ActiveCfg = Debug|Any CPU
        {3CB4F174-33EF-4F2A-9B74-893215AAAF01}.Debug|Any CPU.Build.0 = Debug|Any CPU
        {3CB4F174-33EF-4F2A-9B74-893215AAAF01}.Release|Any CPU.ActiveCfg = Release|Any CPU
        {3CB4F174-33EF-4F2A-9B74-893215AAAF01}.Release|Any CPU.Build.0 = Release|Any CPU
        {6C659086-780B-4D11-9512-48802D97A8C2}.Debug|Any CPU.ActiveCfg = Debug|Any CPU
        {6C659086-780B-4D11-9512-48802D97A8C2}.Debug|Any CPU.Build.0 = Debug|Any CPU
        {6C659086-780B-4D11-9512-48802D97A8C2}.Release|Any CPU.ActiveCfg = Release|Any CPU
        {6C659086-780B-4D11-9512-48802D97A8C2}.Release|Any CPU.Build.0 = Release|Any CPU
        {53FC0E8D-13F4-49F8-A184-3409DA790E60}.Debug|Any CPU.ActiveCfg = Debug|Any CPU
        {53FC0E8D-13F4-49F8-A184-3409DA790E60}.Debug|Any CPU.Build.0 = Debug|Any CPU
        {53FC0E8D-13F4-49F8-A184-3409DA790E60}.Release|Any CPU.ActiveCfg = Release|Any CPU
        {53FC0E8D-13F4-49F8-A184-3409DA790E60}.Release|Any CPU.Build.0 = Release|Any CPU
        {4BB3118E-6856-46EF-B3FD-3DF606DC0ADC}.Debug|Any CPU.ActiveCfg = Debug|Any CPU
        {4BB3118E-6856-46EF-B3FD-3DF606DC0ADC}.Debug|Any CPU.Build.0 = Debug|Any CPU
        {4BB3118E-6856-46EF-B3FD-3DF606DC0ADC}.Release|Any CPU.ActiveCfg = Release|Any CPU
        {4BB3118E-6856-46EF-B3FD-3DF606DC0ADC}.Release|Any CPU.Build.0 = Release|Any CPU
        {0F592717-85F9-4A2F-9F4D-9D66546C317F}.Debug|Any CPU.ActiveCfg = Debug|Any CPU
        {0F592717-85F9-4A2F-9F4D-9D66546C317F}.Debug|Any CPU.Build.0 = Debug|Any CPU
        {0F592717-85F9-4A2F-9F4D-9D66546C317F}.Release|Any CPU.ActiveCfg = Release|Any CPU
        {0F592717-85F9-4A2F-9F4D-9D66546C317F}.Release|Any CPU.Build.0 = Release|Any CPU
        {52AB95C4-4D20-4410-A397-4FB3242B262E}.Debug|Any CPU.ActiveCfg = Debug|Any CPU
        {52AB95C4-4D20-4410-A397-4FB3242B262E}.Debug|Any CPU.Build.0 = Debug|Any CPU
        {52AB95C4-4D20-4410-A397-4FB3242B262E}.Release|Any CPU.ActiveCfg = Release|Any CPU
        {52AB95C4-4D20-4410-A397-4FB3242B262E}.Release|Any CPU.Build.0 = Release|Any CPU
    EndGlobalSection
EndGlobal
